
Microsoft Visual Studio Solution File, Format Version 12.00
# Visual Studio Version 16
VisualStudioVersion = 16.0.31321.278
MinimumVisualStudioVersion = 10.0.40219.1
Project("{FAE04EC0-301F-11D3-BF4B-00C04F79EFBC}") = "Palindrome", "Palindrome\Palindrome.csproj", "{219B875E-6200-43AB-9A1F-CE729CE392A0}"
EndProject
Global
	GlobalSection(SolutionConfigurationPlatforms) = preSolution
		Debug|Any CPU = Debug|Any CPU
		Release|Any CPU = Release|Any CPU
	EndGlobalSection
	GlobalSection(ProjectConfigurationPlatforms) = postSolution
		{219B875E-6200-43AB-9A1F-CE729CE392A0}.Debug|Any CPU.ActiveCfg = Debug|Any CPU
		{219B875E-6200-43AB-9A1F-CE729CE392A0}.Debug|Any CPU.Build.0 = Debug|Any CPU
		{219B875E-6200-43AB-9A1F-CE729CE392A0}.Release|Any CPU.ActiveCfg = Release|Any CPU
		{219B875E-6200-43AB-9A1F-CE729CE392A0}.Release|Any CPU.Build.0 = Release|Any CPU
	EndGlobalSection
	GlobalSection(SolutionProperties) = preSolution
		HideSolutionNode = FALSE
	EndGlobalSection
	GlobalSection(ExtensibilityGlobals) = postSolution
		SolutionGuid = {822EE151-95F5-4923-9A45-05FE496369BF}
	EndGlobalSection
EndGlobal
